
Microsoft Visual Studio Solution File, Format Version 12.00
# Visual Studio Version 16
VisualStudioVersion = 16.0.31112.23
MinimumVisualStudioVersion = 10.0.40219.1
Project("{00D1A9C2-B5F0-4AF3-8072-F6C62B433612}") = "AdventureWorksTest", "AdventureWorksTest.sqlproj", "{BE108794-F2A1-4E03-8667-CED6B6A1A8EB}"
EndProject
Global
	GlobalSection(SolutionConfigurationPlatforms) = preSolution
		Debug|Any CPU = Debug|Any CPU
		Release|Any CPU = Release|Any CPU
	EndGlobalSection
	GlobalSection(ProjectConfigurationPlatforms) = postSolution
		{BE108794-F2A1-4E03-8667-CED6B6A1A8EB}.Debug|Any CPU.ActiveCfg = Debug|Any CPU
		{BE108794-F2A1-4E03-8667-CED6B6A1A8EB}.Debug|Any CPU.Build.0 = Debug|Any CPU
		{BE108794-F2A1-4E03-8667-CED6B6A1A8EB}.Debug|Any CPU.Deploy.0 = Debug|Any CPU
		{BE108794-F2A1-4E03-8667-CED6B6A1A8EB}.Release|Any CPU.ActiveCfg = Release|Any CPU
		{BE108794-F2A1-4E03-8667-CED6B6A1A8EB}.Release|Any CPU.Build.0 = Release|Any CPU
		{BE108794-F2A1-4E03-8667-CED6B6A1A8EB}.Release|Any CPU.Deploy.0 = Release|Any CPU
	EndGlobalSection
	GlobalSection(SolutionProperties) = preSolution
		HideSolutionNode = FALSE
	EndGlobalSection
	GlobalSection(ExtensibilityGlobals) = postSolution
		SolutionGuid = {35B87446-C2C1-4DD9-AA0E-54696A11767D}
	EndGlobalSection
EndGlobal
